
Microsoft Visual Studio Solution File, Format Version 12.00
# Visual Studio 15
VisualStudioVersion = 15.0.27004.2009
MinimumVisualStudioVersion = 10.0.40219.1
Project("{FAE04EC0-301F-11D3-BF4B-00C04F79EFBC}") = "FizzBuzz", "FizzBuzz\FizzBuzz.csproj", "{6A99B8A7-205D-4ED2-B28D-1EAAAB95BD38}"
EndProject
Project("{FAE04EC0-301F-11D3-BF4B-00C04F79EFBC}") = "UnitTestfizzbuzz", "UnitTestfizzbuzz\UnitTestfizzbuzz.csproj", "{926E9319-5827-4426-9D2E-A8655FF4971E}"
EndProject
Global
	GlobalSection(SolutionConfigurationPlatforms) = preSolution
		Debug|Any CPU = Debug|Any CPU
		Release|Any CPU = Release|Any CPU
	EndGlobalSection
	GlobalSection(ProjectConfigurationPlatforms) = postSolution
		{6A99B8A7-205D-4ED2-B28D-1EAAAB95BD38}.Debug|Any CPU.ActiveCfg = Debug|Any CPU
		{6A99B8A7-205D-4ED2-B28D-1EAAAB95BD38}.Debug|Any CPU.Build.0 = Debug|Any CPU
		{6A99B8A7-205D-4ED2-B28D-1EAAAB95BD38}.Release|Any CPU.ActiveCfg = Release|Any CPU
		{6A99B8A7-205D-4ED2-B28D-1EAAAB95BD38}.Release|Any CPU.Build.0 = Release|Any CPU
		{926E9319-5827-4426-9D2E-A8655FF4971E}.Debug|Any CPU.ActiveCfg = Debug|Any CPU
		{926E9319-5827-4426-9D2E-A8655FF4971E}.Debug|Any CPU.Build.0 = Debug|Any CPU
		{926E9319-5827-4426-9D2E-A8655FF4971E}.Release|Any CPU.ActiveCfg = Release|Any CPU
		{926E9319-5827-4426-9D2E-A8655FF4971E}.Release|Any CPU.Build.0 = Release|Any CPU
	EndGlobalSection
	GlobalSection(SolutionProperties) = preSolution
		HideSolutionNode = FALSE
	EndGlobalSection
	GlobalSection(ExtensibilityGlobals) = postSolution
		SolutionGuid = {C98519BE-E12D-4DA5-921C-DE6AF85FD39C}
	EndGlobalSection
EndGlobal
